Microsoft Visual Studio Solution File, Format Version 11.00
# Visual Studio 2008

Project("{6CD92476-6239-C723-B449-90BA65B43D38}") = "Sheep Are Made of Porridge", "Assembly-CSharp.csproj", "{9ACD876B-CEC5-AAE6-4296-AD87CB8DAE26}"
EndProject
Global
	GlobalSection(SolutionConfigurationPlatforms) = preSolution
		Debug|Any CPU = Debug|Any CPU
		Release|Any CPU = Release|Any CPU
	EndGlobalSection
	GlobalSection(ProjectConfigurationPlatforms) = postSolution
		{9ACD876B-CEC5-AAE6-4296-AD87CB8DAE26}.Debug|Any CPU.ActiveCfg = Debug|Any CPU
		{9ACD876B-CEC5-AAE6-4296-AD87CB8DAE26}.Debug|Any CPU.Build.0 = Debug|Any CPU
		{9ACD876B-CEC5-AAE6-4296-AD87CB8DAE26}.Release|Any CPU.ActiveCfg = Release|Any CPU
		{9ACD876B-CEC5-AAE6-4296-AD87CB8DAE26}.Release|Any CPU.Build.0 = Release|Any CPU
	EndGlobalSection
	GlobalSection(SolutionProperties) = preSolution
		HideSolutionNode = FALSE
	EndGlobalSection
	GlobalSection(MonoDevelopProperties) = preSolution
		StartupItem = Assembly-CSharp.csproj
	EndGlobalSection
EndGlobal
